
Microsoft Visual Studio Solution File, Format Version 12.00
# Visual Studio Version 16
VisualStudioVersion = 16.0.31702.278
MinimumVisualStudioVersion = 10.0.40219.1
Project("{F184B08F-C81C-45F6-A57F-5ABD9991F28F}") = "Proy.IngSoftwareCeleste", "Proy.IngSoftwareCeleste.vbproj", "{690D21A9-2B04-4291-BAC7-8812F65D786E}"
EndProject
Global
	GlobalSection(SolutionConfigurationPlatforms) = preSolution
		Debug|Any CPU = Debug|Any CPU
		Release|Any CPU = Release|Any CPU
	EndGlobalSection
	GlobalSection(ProjectConfigurationPlatforms) = postSolution
		{690D21A9-2B04-4291-BAC7-8812F65D786E}.Debug|Any CPU.ActiveCfg = Debug|Any CPU
		{690D21A9-2B04-4291-BAC7-8812F65D786E}.Debug|Any CPU.Build.0 = Debug|Any CPU
		{690D21A9-2B04-4291-BAC7-8812F65D786E}.Release|Any CPU.ActiveCfg = Release|Any CPU
		{690D21A9-2B04-4291-BAC7-8812F65D786E}.Release|Any CPU.Build.0 = Release|Any CPU
	EndGlobalSection
	GlobalSection(SolutionProperties) = preSolution
		HideSolutionNode = FALSE
	EndGlobalSection
	GlobalSection(ExtensibilityGlobals) = postSolution
		SolutionGuid = {9740DBC8-C81E-46DE-BACC-27B8B2F83EE7}
	EndGlobalSection
EndGlobal
